<?xml version="1.0" encoding="utf-8"?>
<Project ToolsVersion="4.0" xmlns="http://schemas.microsoft.com/developer/msbuild/2003">
  <ItemGroup>
    <ClCompile Include="Main.cpp" />
    <ClCompile Include="stdafx.cpp" />
    <ClCompile Include="ListDemo.cpp">
      <Filter>List</Filter>
    </ClCompile>
    <ClCompile Include="StackDemo.cpp">
      <Filter>Stack</Filter>
    </ClCompile>
    <ClCompile Include="StackList.cpp">
      <Filter>Stack</Filter>
    </ClCompile>
    <ClCompile Include="QueueDemo.cpp">
      <Filter>Queue</Filter>
    </ClCompile>
    <ClCompile Include="TreeDemo.cpp">
      <Filter>Tree</Filter>
    </ClCompile>
    <ClCompile Include="BTreeDemo.cpp">
      <Filter>Tree</Filter>
    </ClCompile>
    <ClCompile Include="SortDemo.cpp">
      <Filter>Sort</Filter>
    </ClCompile>
    <ClCompile Include="BSearchDemo.cpp">
      <Filter>Sort</Filter>
    </ClCompile>
    <ClCompile Include="BinarySearchTreeDemo.cpp">
      <Filter>Tree</Filter>
    </ClCompile>
    <ClCompile Include="HeapDemo.cpp">
      <Filter>Heap</Filter>
    </ClCompile>
    <ClCompile Include="PriorityQueueDemo.cpp">
      <Filter>Queue</Filter>
    </ClCompile>
    <ClCompile Include="GraphDemo.cpp">
      <Filter>Graph</Filter>
    </ClCompile>
    <ClCompile Include="HashDemo.cpp">
      <Filter>Hash</Filter>
    </ClCompile>
    <ClCompile Include="OpenAddressDemo.cpp">
      <Filter>Hash</Filter>
    </ClCompile>
  </ItemGroup>
  <ItemGroup>
    <ClInclude Include="Main.h" />
    <ClInclude Include="stdafx.h" />
    <ClInclude Include="ListDemo.h">
      <Filter>List</Filter>
    </ClInclude>
    <ClInclude Include="StackDemo.h">
      <Filter>Stack</Filter>
    </ClInclude>
    <ClInclude Include="StackArray.h">
      <Filter>Stack</Filter>
    </ClInclude>
    <ClInclude Include="StackList.h">
      <Filter>Stack</Filter>
    </ClInclude>
    <ClInclude Include="Queue.h">
      <Filter>Queue</Filter>
    </ClInclude>
    <ClInclude Include="QueueDemo.h">
      <Filter>Queue</Filter>
    </ClInclude>
    <ClInclude Include="Tree.h">
      <Filter>Tree</Filter>
    </ClInclude>
    <ClInclude Include="TreeDemo.h">
      <Filter>Tree</Filter>
    </ClInclude>
    <ClInclude Include="BTree.h">
      <Filter>Tree</Filter>
    </ClInclude>
    <ClInclude Include="BTreeDemo.h">
      <Filter>Tree</Filter>
    </ClInclude>
    <ClInclude Include="SortDemo.h">
      <Filter>Sort</Filter>
    </ClInclude>
    <ClInclude Include="BSearchDemo.h">
      <Filter>Sort</Filter>
    </ClInclude>
    <ClInclude Include="BinarySearchTree.h">
      <Filter>Tree</Filter>
    </ClInclude>
    <ClInclude Include="BinarySearchTreeDemo.h">
      <Filter>Tree</Filter>
    </ClInclude>
    <ClInclude Include="Heap.h">
      <Filter>Heap</Filter>
    </ClInclude>
    <ClInclude Include="HeapDemo.h">
      <Filter>Heap</Filter>
    </ClInclude>
    <ClInclude Include="PriorityQueue.h">
      <Filter>Queue</Filter>
    </ClInclude>
    <ClInclude Include="PriorityQueueDemo.h">
      <Filter>Queue</Filter>
    </ClInclude>
    <ClInclude Include="Graph.h">
      <Filter>Graph</Filter>
    </ClInclude>
    <ClInclude Include="GraphDemo.h">
      <Filter>Graph</Filter>
    </ClInclude>
    <ClInclude Include="HashDemo.h">
      <Filter>Hash</Filter>
    </ClInclude>
    <ClInclude Include="Chaining.h">
      <Filter>Hash</Filter>
    </ClInclude>
    <ClInclude Include="OpenAddress.h">
      <Filter>Hash</Filter>
    </ClInclude>
    <ClInclude Include="OpenAddressDemo.h">
      <Filter>Hash</Filter>
    </ClInclude>
  </ItemGroup>
  <ItemGroup>
    <Filter Include="List">
      <UniqueIdentifier>{bc847234-bde0-4d11-8e21-0c7d155c7e19}</UniqueIdentifier>
    </Filter>
    <Filter Include="Stack">
      <UniqueIdentifier>{1e5eac80-3c03-4bd6-87e4-093288bb0ba5}</UniqueIdentifier>
    </Filter>
    <Filter Include="Queue">
      <UniqueIdentifier>{45f8499d-ca71-49f7-94d8-4519046cd26d}</UniqueIdentifier>
    </Filter>
    <Filter Include="Tree">
      <UniqueIdentifier>{ec8f0b7f-ca82-4889-a7bf-40fb1cc4eb7e}</UniqueIdentifier>
    </Filter>
    <Filter Include="Sort">
      <UniqueIdentifier>{909f6dce-eb65-4bf4-8402-95c73b2fd4f7}</UniqueIdentifier>
    </Filter>
    <Filter Include="Heap">
      <UniqueIdentifier>{3266c69a-48c6-46c4-b770-25a5be8ef63f}</UniqueIdentifier>
    </Filter>
    <Filter Include="Graph">
      <UniqueIdentifier>{72990868-92e4-4281-a6a6-6e1eea4db0d4}</UniqueIdentifier>
    </Filter>
    <Filter Include="Hash">
      <UniqueIdentifier>{0e5e168b-e268-4d75-b56c-4ddf26501d54}</UniqueIdentifier>
    </Filter>
  </ItemGroup>
</Project>