<?xml version="1.0" encoding="utf-8"?>
<Project ToolsVersion="4.0" xmlns="http://schemas.microsoft.com/developer/msbuild/2003">
  <ItemGroup>
    <ClCompile Include="Main.cpp" />
    <ClCompile Include="stdafx.cpp" />
    <ClCompile Include="LineColorDemo.cpp">
      <Filter>Line</Filter>
    </ClCompile>
    <ClCompile Include="LineDemo.cpp">
      <Filter>Line</Filter>
    </ClCompile>
    <ClCompile Include="LineStarDemo.cpp">
      <Filter>Line</Filter>
    </ClCompile>
    <ClCompile Include="LineTopologyDemo.cpp">
      <Filter>Line</Filter>
    </ClCompile>
    <ClCompile Include="TriangleDemo.cpp">
      <Filter>Mesh</Filter>
    </ClCompile>
    <ClCompile Include="RectDemo.cpp">
      <Filter>Mesh</Filter>
    </ClCompile>
    <ClCompile Include="WorldDemo.cpp">
      <Filter>World</Filter>
    </ClCompile>
    <ClCompile Include="MultiWorldDemo.cpp">
      <Filter>World</Filter>
    </ClCompile>
    <ClCompile Include="IndexBufferDemo.cpp">
      <Filter>Index</Filter>
    </ClCompile>
    <ClCompile Include="GridDemo.cpp">
      <Filter>Index</Filter>
    </ClCompile>
    <ClCompile Include="CubeDemo.cpp">
      <Filter>Mesh</Filter>
    </ClCompile>
    <ClCompile Include="TextureDemo.cpp">
      <Filter>Texture</Filter>
    </ClCompile>
    <ClCompile Include="AddressDemo.cpp">
      <Filter>Texture</Filter>
    </ClCompile>
  </ItemGroup>
  <ItemGroup>
    <ClInclude Include="Main.h" />
    <ClInclude Include="stdafx.h" />
    <ClInclude Include="LineColorDemo.h">
      <Filter>Line</Filter>
    </ClInclude>
    <ClInclude Include="LineDemo.h">
      <Filter>Line</Filter>
    </ClInclude>
    <ClInclude Include="LineStarDemo.h">
      <Filter>Line</Filter>
    </ClInclude>
    <ClInclude Include="LineTopologyDemo.h">
      <Filter>Line</Filter>
    </ClInclude>
    <ClInclude Include="TriangleDemo.h">
      <Filter>Mesh</Filter>
    </ClInclude>
    <ClInclude Include="RectDemo.h">
      <Filter>Mesh</Filter>
    </ClInclude>
    <ClInclude Include="WorldDemo.h">
      <Filter>World</Filter>
    </ClInclude>
    <ClInclude Include="MultiWorldDemo.h">
      <Filter>World</Filter>
    </ClInclude>
    <ClInclude Include="IndexBufferDemo.h">
      <Filter>Index</Filter>
    </ClInclude>
    <ClInclude Include="GridDemo.h">
      <Filter>Index</Filter>
    </ClInclude>
    <ClInclude Include="CubeDemo.h">
      <Filter>Mesh</Filter>
    </ClInclude>
    <ClInclude Include="TextureDemo.h">
      <Filter>Texture</Filter>
    </ClInclude>
    <ClInclude Include="AddressDemo.h">
      <Filter>Texture</Filter>
    </ClInclude>
  </ItemGroup>
  <ItemGroup>
    <Filter Include="Line">
      <UniqueIdentifier>{207bd47d-d1d9-4c10-8a89-8251a4cc750c}</UniqueIdentifier>
    </Filter>
    <Filter Include="Mesh">
      <UniqueIdentifier>{01f2a5a0-7e1f-422d-8b80-8a205abc4c5e}</UniqueIdentifier>
    </Filter>
    <Filter Include="World">
      <UniqueIdentifier>{71b8b2f7-20f8-449d-83c7-18a1d995f786}</UniqueIdentifier>
    </Filter>
    <Filter Include="Index">
      <UniqueIdentifier>{48327a8a-797d-46a8-a8dc-cae35e1333fa}</UniqueIdentifier>
    </Filter>
    <Filter Include="Texture">
      <UniqueIdentifier>{6cf29ef6-48ca-42ae-86d2-8707023f55f1}</UniqueIdentifier>
    </Filter>
  </ItemGroup>
</Project>